
Microsoft Visual Studio Solution File, Format Version 12.00
# Visual Studio Version 16
VisualStudioVersion = 16.0.30717.126
MinimumVisualStudioVersion = 10.0.40219.1
Project("{FAE04EC0-301F-11D3-BF4B-00C04F79EFBC}") = "ConsoleApp1", "ConsoleApp1\ConsoleApp1.csproj", "{E4FF14AC-D7BD-4168-9FC1-DAC13F5E91A6}"
EndProject
Global
	GlobalSection(SolutionConfigurationPlatforms) = preSolution
		Debug|Any CPU = Debug|Any CPU
		Release|Any CPU = Release|Any CPU
	EndGlobalSection
	GlobalSection(ProjectConfigurationPlatforms) = postSolution
		{E4FF14AC-D7BD-4168-9FC1-DAC13F5E91A6}.Debug|Any CPU.ActiveCfg = Debug|Any CPU
		{E4FF14AC-D7BD-4168-9FC1-DAC13F5E91A6}.Debug|Any CPU.Build.0 = Debug|Any CPU
		{E4FF14AC-D7BD-4168-9FC1-DAC13F5E91A6}.Release|Any CPU.ActiveCfg = Release|Any CPU
		{E4FF14AC-D7BD-4168-9FC1-DAC13F5E91A6}.Release|Any CPU.Build.0 = Release|Any CPU
	EndGlobalSection
	GlobalSection(SolutionProperties) = preSolution
		HideSolutionNode = FALSE
	EndGlobalSection
	GlobalSection(ExtensibilityGlobals) = postSolution
		SolutionGuid = {33D6FEF5-B0F5-47E3-B0F7-F59026D14A5B}
	EndGlobalSection
EndGlobal
